// !$*UTF8*$!
{
	archiveVersion = 1;
	classes = {
	};
	objectVersion = 46;
	objects = {

/* Begin PBXBuildFile section */
		2A7B4CE11C4D626900660047 /* AppDelegate.swift in Sources */ = {isa = PBXBuildFile; fileRef = 2A7B4CE01C4D626900660047 /* AppDelegate.swift */; };
		2A7B4CE31C4D626900660047 /* ViewController.swift in Sources */ = {isa = PBXBuildFile; fileRef = 2A7B4CE21C4D626900660047 /* ViewController.swift */; };
		2A7B4CE61C4D626900660047 /* Main.storyboard in Resources */ = {isa = PBXBuildFile; fileRef = 2A7B4CE41C4D626900660047 /* Main.storyboard */; };
		2A7B4CE81C4D626900660047 /* Assets.xcassets in Resources */ = {isa = PBXBuildFile; fileRef = 2A7B4CE71C4D626900660047 /* Assets.xcassets */; };
		2A7B4CEB1C4D626900660047 /* LaunchScreen.storyboard in Resources */ = {isa = PBXBuildFile; fileRef = 2A7B4CE91C4D626900660047 /* LaunchScreen.storyboard */; };
		2A7B4CF61C4D626900660047 /* JAGBeautyAndBladesTests.swift in Sources */ = {isa = PBXBuildFile; fileRef = 2A7B4CF51C4D626900660047 /* JAGBeautyAndBladesTests.swift */; };
		2A7B4D011C4D626900660047 /* JAGBeautyAndBladesUITests.swift in Sources */ = {isa = PBXBuildFile; fileRef = 2A7B4D001C4D626900660047 /* JAGBeautyAndBladesUITests.swift */; };
/* End PBXBuildFile section */

/* Begin PBXContainerItemProxy section */
		2A7B4CF21C4D626900660047 /* PBXContainerItemProxy */ = {
			isa = PBXContainerItemProxy;
			containerPortal = 2A7B4CD51C4D626900660047 /* Project object */;
			proxyType = 1;
			remoteGlobalIDString = 2A7B4CDC1C4D626900660047;
			remoteInfo = JAGBeautyAndBlades;
		};
		2A7B4CFD1C4D626900660047 /* PBXContainerItemProxy */ = {
			isa = PBXContainerItemProxy;
			containerPortal = 2A7B4CD51C4D626900660047 /* Project object */;
			proxyType = 1;
			remoteGlobalIDString = 2A7B4CDC1C4D626900660047;
			remoteInfo = JAGBeautyAndBlades;
		};
/* End PBXContainerItemProxy section */

/* Begin PBXFileReference section */
		2A7B4CDD1C4D626900660047 /* JAGBeautyAndBlades.app */ = {isa = PBXFileReference; explicitFileType = wrapper.application; includeInIndex = 0; path = JAGBeautyAndBlades.app; sourceTree = BUILT_PRODUCTS_DIR; };
		2A7B4CE01C4D626900660047 /* AppDelegate.swift */ = {isa = PBXFileReference; lastKnownFileType = sourcecode.swift; path = AppDelegate.swift; sourceTree = "<group>"; };
		2A7B4CE21C4D626900660047 /* ViewController.swift */ = {isa = PBXFileReference; lastKnownFileType = sourcecode.swift; path = ViewController.swift; sourceTree = "<group>"; };
		2A7B4CE51C4D626900660047 /* Base */ = {isa = PBXFileReference; lastKnownFileType = file.storyboard; name = Base; path = Base.lproj/Main.storyboard; sourceTree = "<group>"; };
		2A7B4CE71C4D626900660047 /* Assets.xcassets */ = {isa = PBXFileReference; lastKnownFileType = folder.assetcatalog; path = Assets.xcassets; sourceTree = "<group>"; };
		2A7B4CEA1C4D626900660047 /* Base */ = {isa = PBXFileReference; lastKnownFileType = file.storyboard; name = Base; path = Base.lproj/LaunchScreen.storyboard; sourceTree = "<group>"; };
		2A7B4CEC1C4D626900660047 /* Info.plist */ = {isa = PBXFileReference; lastKnownFileType = text.plist.xml; path = Info.plist; sourceTree = "<group>"; };
		2A7B4CF11C4D626900660047 /* JAGBeautyAndBladesTests.xctest */ = {isa = PBXFileReference; explicitFileType = wrapper.cfbundle; includeInIndex = 0; path = JAGBeautyAndBladesTests.xctest; sourceTree = BUILT_PRODUCTS_DIR; };
		2A7B4CF51C4D626900660047 /* JAGBeautyAndBladesTests.swift */ = {isa = PBXFileReference; lastKnownFileType = sourcecode.swift; path = JAGBeautyAndBladesTests.swift; sourceTree = "<group>"; };
		2A7B4CF71C4D626900660047 /* Info.plist */ = {isa = PBXFileReference; lastKnownFileType = text.plist.xml; path = Info.plist; sourceTree = "<group>"; };
		2A7B4CFC1C4D626900660047 /* JAGBeautyAndBladesUITests.xctest */ = {isa = PBXFileReference; explicitFileType = wrapper.cfbundle; includeInIndex = 0; path = JAGBeautyAndBladesUITests.xctest; sourceTree = BUILT_PRODUCTS_DIR; };
		2A7B4D001C4D626900660047 /* JAGBeautyAndBladesUITests.swift */ = {isa = PBXFileReference; lastKnownFileType = sourcecode.swift; path = JAGBeautyAndBladesUITests.swift; sourceTree = "<group>"; };
		2A7B4D021C4D626900660047 /* Info.plist */ = {isa = PBXFileReference; lastKnownFileType = text.plist.xml; path = Info.plist; sourceTree = "<group>"; };
/* End PBXFileReference section */

/* Begin PBXFrameworksBuildPhase section */
		2A7B4CDA1C4D626900660047 /* Frameworks */ = {
			isa = PBXFrameworksBuildPhase;
			buildActionMask = 2147483647;
			files = (
			);
			runOnlyForDeploymentPostprocessing = 0;
		};
		2A7B4CEE1C4D626900660047 /* Frameworks */ = {
			isa = PBXFrameworksBuildPhase;
			buildActionMask = 2147483647;
			files = (
			);
			runOnlyForDeploymentPostprocessing = 0;
		};
		2A7B4CF91C4D626900660047 /* Frameworks */ = {
			isa = PBXFrameworksBuildPhase;
			buildActionMask = 2147483647;
			files = (
			);
			runOnlyForDeploymentPostprocessing = 0;
		};
/* End PBXFrameworksBuildPhase section */

/* Begin PBXGroup section */
		2A7B4CD41C4D626900660047 = {
			isa = PBXGroup;
			children = (
				2A7B4CDF1C4D626900660047 /* JAGBeautyAndBlades */,
				2A7B4CF41C4D626900660047 /* JAGBeautyAndBladesTests */,
				2A7B4CFF1C4D626900660047 /* JAGBeautyAndBladesUITests */,
				2A7B4CDE1C4D626900660047 /* Products */,
			);
			sourceTree = "<group>";
		};
		2A7B4CDE1C4D626900660047 /* Products */ = {
			isa = PBXGroup;
			children = (
				2A7B4CDD1C4D626900660047 /* JAGBeautyAndBlades.app */,
				2A7B4CF11C4D626900660047 /* JAGBeautyAndBladesTests.xctest */,
				2A7B4CFC1C4D626900660047 /* JAGBeautyAndBladesUITests.xctest */,
			);
			name = Products;
			sourceTree = "<group>";
		};
		2A7B4CDF1C4D626900660047 /* JAGBeautyAndBlades */ = {
			isa = PBXGroup;
			children = (
				2A7B4CE01C4D626900660047 /* AppDelegate.swift */,
				2A7B4CE21C4D626900660047 /* ViewController.swift */,
				2A7B4CE41C4D626900660047 /* Main.storyboard */,
				2A7B4CE71C4D626900660047 /* Assets.xcassets */,
				2A7B4CE91C4D626900660047 /* LaunchScreen.storyboard */,
				2A7B4CEC1C4D626900660047 /* Info.plist */,
			);
			path = JAGBeautyAndBlades;
			sourceTree = "<group>";
		};
		2A7B4CF41C4D626900660047 /* JAGBeautyAndBladesTests */ = {
			isa = PBXGroup;
			children = (
				2A7B4CF51C4D626900660047 /* JAGBeautyAndBladesTests.swift */,
				2A7B4CF71C4D626900660047 /* Info.plist */,
			);
			path = JAGBeautyAndBladesTests;
			sourceTree = "<group>";
		};
		2A7B4CFF1C4D626900660047 /* JAGBeautyAndBladesUITests */ = {
			isa = PBXGroup;
			children = (
				2A7B4D001C4D626900660047 /* JAGBeautyAndBladesUITests.swift */,
				2A7B4D021C4D626900660047 /* Info.plist */,
			);
			path = JAGBeautyAndBladesUITests;
			sourceTree = "<group>";
		};
/* End PBXGroup section */

/* Begin PBXNativeTarget section */
		2A7B4CDC1C4D626900660047 /* JAGBeautyAndBlades */ = {
			isa = PBXNativeTarget;
			buildConfigurationList = 2A7B4D051C4D626900660047 /* Build configuration list for PBXNativeTarget "JAGBeautyAndBlades" */;
			buildPhases = (
				2A7B4CD91C4D626900660047 /* Sources */,
				2A7B4CDA1C4D626900660047 /* Frameworks */,
				2A7B4CDB1C4D626900660047 /* Resources */,
			);
			buildRules = (
			);
			dependencies = (
			);
			name = JAGBeautyAndBlades;
			productName = JAGBeautyAndBlades;
			productReference = 2A7B4CDD1C4D626900660047 /* JAGBeautyAndBlades.app */;
			productType = "com.apple.product-type.application";
		};
		2A7B4CF01C4D626900660047 /* JAGBeautyAndBladesTests */ = {
			isa = PBXNativeTarget;
			buildConfigurationList = 2A7B4D081C4D626900660047 /* Build configuration list for PBXNativeTarget "JAGBeautyAndBladesTests" */;
			buildPhases = (
				2A7B4CED1C4D626900660047 /* Sources */,
				2A7B4CEE1C4D626900660047 /* Frameworks */,
				2A7B4CEF1C4D626900660047 /* Resources */,
			);
			buildRules = (
			);
			dependencies = (
				2A7B4CF31C4D626900660047 /* PBXTargetDependency */,
			);
			name = JAGBeautyAndBladesTests;
			productName = JAGBeautyAndBladesTests;
			productReference = 2A7B4CF11C4D626900660047 /* JAGBeautyAndBladesTests.xctest */;
			productType = "com.apple.product-type.bundle.unit-test";
		};
		2A7B4CFB1C4D626900660047 /* JAGBeautyAndBladesUITests */ = {
			isa = PBXNativeTarget;
			buildConfigurationList = 2A7B4D0B1C4D626900660047 /* Build configuration list for PBXNativeTarget "JAGBeautyAndBladesUITests" */;
			buildPhases = (
				2A7B4CF81C4D626900660047 /* Sources */,
				2A7B4CF91C4D626900660047 /* Frameworks */,
				2A7B4CFA1C4D626900660047 /* Resources */,
			);
			buildRules = (
			);
			dependencies = (
				2A7B4CFE1C4D626900660047 /* PBXTargetDependency */,
			);
			name = JAGBeautyAndBladesUITests;
			productName = JAGBeautyAndBladesUITests;
			productReference = 2A7B4CFC1C4D626900660047 /* JAGBeautyAndBladesUITests.xctest */;
			productType = "com.apple.product-type.bundle.ui-testing";
		};
/* End PBXNativeTarget section */

/* Begin PBXProject section */
		2A7B4CD51C4D626900660047 /* Project object */ = {
			isa = PBXProject;
			attributes = {
				LastSwiftUpdateCheck = 0720;
				LastUpgradeCheck = 0720;
				ORGANIZATIONNAME = "Hill Country Angel Network";
				TargetAttributes = {
					2A7B4CDC1C4D626900660047 = {
						CreatedOnToolsVersion = 7.2;
					};
					2A7B4CF01C4D626900660047 = {
						CreatedOnToolsVersion = 7.2;
						TestTargetID = 2A7B4CDC1C4D626900660047;
					};
					2A7B4CFB1C4D626900660047 = {
						CreatedOnToolsVersion = 7.2;
						TestTargetID = 2A7B4CDC1C4D626900660047;
					};
				};
			};
			buildConfigurationList = 2A7B4CD81C4D626900660047 /* Build configuration list for PBXProject "JAGBeautyAndBlades" */;
			compatibilityVersion = "Xcode 3.2";
			developmentRegion = English;
			hasScannedForEncodings = 0;
			knownRegions = (
				en,
				Base,
			);
			mainGroup = 2A7B4CD41C4D626900660047;
			productRefGroup = 2A7B4CDE1C4D626900660047 /* Products */;
			projectDirPath = "";
			projectRoot = "";
			targets = (
				2A7B4CDC1C4D626900660047 /* JAGBeautyAndBlades */,
				2A7B4CF01C4D626900660047 /* JAGBeautyAndBladesTests */,
				2A7B4CFB1C4D626900660047 /* JAGBeautyAndBladesUITests */,
			);
		};
/* End PBXProject section */

/* Begin PBXResourcesBuildPhase section */
		2A7B4CDB1C4D626900660047 /* Resources */ = {
			isa = PBXResourcesBuildPhase;
			buildActionMask = 2147483647;
			files = (
				2A7B4CEB1C4D626900660047 /* LaunchScreen.storyboard in Resources */,
				2A7B4CE81C4D626900660047 /* Assets.xcassets in Resources */,
				2A7B4CE61C4D626900660047 /* Main.storyboard in Resources */,
			);
			runOnlyForDeploymentPostprocessing = 0;
		};
		2A7B4CEF1C4D626900660047 /* Resources */ = {
			isa = PBXResourcesBuildPhase;
			buildActionMask = 2147483647;
			files = (
			);
			runOnlyForDeploymentPostprocessing = 0;
		};
		2A7B4CFA1C4D626900660047 /* Resources */ = {
			isa = PBXResourcesBuildPhase;
			buildActionMask = 2147483647;
			files = (
			);
			runOnlyForDeploymentPostprocessing = 0;
		};
/* End PBXResourcesBuildPhase section */

/* Begin PBXSourcesBuildPhase section */
		2A7B4CD91C4D626900660047 /* Sources */ = {
			isa = PBXSourcesBuildPhase;
			buildActionMask = 2147483647;
			files = (
				2A7B4CE31C4D626900660047 /* ViewController.swift in Sources */,
				2A7B4CE11C4D626900660047 /* AppDelegate.swift in Sources */,
			);
			runOnlyForDeploymentPostprocessing = 0;
		};
		2A7B4CED1C4D626900660047 /* Sources */ = {
			isa = PBXSourcesBuildPhase;
			buildActionMask = 2147483647;
			files = (
				2A7B4CF61C4D626900660047 /* JAGBeautyAndBladesTests.swift in Sources */,
			);
			runOnlyForDeploymentPostprocessing = 0;
		};
		2A7B4CF81C4D626900660047 /* Sources */ = {
			isa = PBXSourcesBuildPhase;
			buildActionMask = 2147483647;
			files = (
				2A7B4D011C4D626900660047 /* JAGBeautyAndBladesUITests.swift in Sources */,
			);
			runOnlyForDeploymentPostprocessing = 0;
		};
/* End PBXSourcesBuildPhase section */

/* Begin PBXTargetDependency section */
		2A7B4CF31C4D626900660047 /* PBXTargetDependency */ = {
			isa = PBXTargetDependency;
			target = 2A7B4CDC1C4D626900660047 /* JAGBeautyAndBlades */;
			targetProxy = 2A7B4CF21C4D626900660047 /* PBXContainerItemProxy */;
		};
		2A7B4CFE1C4D626900660047 /* PBXTargetDependency */ = {
			isa = PBXTargetDependency;
			target = 2A7B4CDC1C4D626900660047 /* JAGBeautyAndBlades */;
			targetProxy = 2A7B4CFD1C4D626900660047 /* PBXContainerItemProxy */;
		};
/* End PBXTargetDependency section */

/* Begin PBXVariantGroup section */
		2A7B4CE41C4D626900660047 /* Main.storyboard */ = {
			isa = PBXVariantGroup;
			children = (
				2A7B4CE51C4D626900660047 /* Base */,
			);
			name = Main.storyboard;
			sourceTree = "<group>";
		};
		2A7B4CE91C4D626900660047 /* LaunchScreen.storyboard */ = {
			isa = PBXVariantGroup;
			children = (
				2A7B4CEA1C4D626900660047 /* Base */,
			);
			name = LaunchScreen.storyboard;
			sourceTree = "<group>";
		};
/* End PBXVariantGroup section */

/* Begin XCBuildConfiguration section */
		2A7B4D031C4D626900660047 /* Debug */ = {
			isa = XCBuildConfiguration;
			buildSettings = {
				ALWAYS_SEARCH_USER_PATHS = NO;
				CLANG_CXX_LANGUAGE_STANDARD = "gnu++0x";
				CLANG_CXX_LIBRARY = "libc++";
				CLANG_ENABLE_MODULES = YES;
				CLANG_ENABLE_OBJC_ARC = YES;
				CLANG_WARN_BOOL_CONVERSION = YES;
				CLANG_WARN_CONSTANT_CONVERSION = YES;
				CLANG_WARN_DIRECT_OBJC_ISA_USAGE = YES_ERROR;
				CLANG_WARN_EMPTY_BODY = YES;
				CLANG_WARN_ENUM_CONVERSION = YES;
				CLANG_WARN_INT_CONVERSION = YES;
				CLANG_WARN_OBJC_ROOT_CLASS = YES_ERROR;
				CLANG_WARN_UNREACHABLE_CODE = YES;
				CLANG_WARN__DUPLICATE_METHOD_MATCH = YES;
				"CODE_SIGN_IDENTITY[sdk=iphoneos*]" = "iPhone Developer";
				COPY_PHASE_STRIP = NO;
				DEBUG_INFORMATION_FORMAT = dwarf;
				ENABLE_STRICT_OBJC_MSGSEND = YES;
				ENABLE_TESTABILITY = YES;
				GCC_C_LANGUAGE_STANDARD = gnu99;
				GCC_DYNAMIC_NO_PIC = NO;
				GCC_NO_COMMON_BLOCKS = YES;
				GCC_OPTIMIZATION_LEVEL = 0;
				GCC_PREPROCESSOR_DEFINITIONS = (
					"DEBUG=1",
					"$(inherited)",
				);
				GCC_WARN_64_TO_32_BIT_CONVERSION = YES;
				GCC_WARN_ABOUT_RETURN_TYPE = YES_ERROR;
				GCC_WARN_UNDECLARED_SELECTOR = YES;
				GCC_WARN_UNINITIALIZED_AUTOS = YES_AGGRESSIVE;
				GCC_WARN_UNUSED_FUNCTION = YES;
				GCC_WARN_UNUSED_VARIABLE = YES;
				IPHONEOS_DEPLOYMENT_TARGET = 9.2;
				MTL_ENABLE_DEBUG_INFO = YES;
				ONLY_ACTIVE_ARCH = YES;
				SDKROOT = iphoneos;
				SWIFT_OPTIMIZATION_LEVEL = "-Onone";
				TARGETED_DEVICE_FAMILY = "1,2";
			};
			name = Debug;
		};
		2A7B4D041C4D626900660047 /* Release */ = {
			isa = XCBuildConfiguration;
			buildSettings = {
				ALWAYS_SEARCH_USER_PATHS = NO;
				CLANG_CXX_LANGUAGE_STANDARD = "gnu++0x";
				CLANG_CXX_LIBRARY = "libc++";
				CLANG_ENABLE_MODULES = YES;
				CLANG_ENABLE_OBJC_ARC = YES;
				CLANG_WARN_BOOL_CONVERSION = YES;
				CLANG_WARN_CONSTANT_CONVERSION = YES;
				CLANG_WARN_DIRECT_OBJC_ISA_USAGE = YES_ERROR;
				CLANG_WARN_EMPTY_BODY = YES;
				CLANG_WARN_ENUM_CONVERSION = YES;
				CLANG_WARN_INT_CONVERSION = YES;
				CLANG_WARN_OBJC_ROOT_CLASS = YES_ERROR;
				CLANG_WARN_UNREACHABLE_CODE = YES;
				CLANG_WARN__DUPLICATE_METHOD_MATCH = YES;
				"CODE_SIGN_IDENTITY[sdk=iphoneos*]" = "iPhone Developer";
				COPY_PHASE_STRIP = NO;
				DEBUG_INFORMATION_FORMAT = "dwarf-with-dsym";
				ENABLE_NS_ASSERTIONS = NO;
				ENABLE_STRICT_OBJC_MSGSEND = YES;
				GCC_C_LANGUAGE_STANDARD = gnu99;
				GCC_NO_COMMON_BLOCKS = YES;
				GCC_WARN_64_TO_32_BIT_CONVERSION = YES;
				GCC_WARN_ABOUT_RETURN_TYPE = YES_ERROR;
				GCC_WARN_UNDECLARED_SELECTOR = YES;
				GCC_WARN_UNINITIALIZED_AUTOS = YES_AGGRESSIVE;
				GCC_WARN_UNUSED_FUNCTION = YES;
				GCC_WARN_UNUSED_VARIABLE = YES;
				IPHONEOS_DEPLOYMENT_TARGET = 9.2;
				MTL_ENABLE_DEBUG_INFO = NO;
				SDKROOT = iphoneos;
				TARGETED_DEVICE_FAMILY = "1,2";
				VALIDATE_PRODUCT = YES;
			};
			name = Release;
		};
		2A7B4D061C4D626900660047 /* Debug */ = {
			isa = XCBuildConfiguration;
			buildSettings = {
				ASSETCATALOG_COMPILER_APPICON_NAME = AppIcon;
				INFOPLIST_FILE = JAGBeautyAndBlades/Info.plist;
				LD_RUNPATH_SEARCH_PATHS = "$(inherited) @executable_path/Frameworks";
				PRODUCT_BUNDLE_IDENTIFIER = com.hillcountry.JAGBeautyAndBlades;
				PRODUCT_NAME = "$(TARGET_NAME)";
			};
			name = Debug;
		};
		2A7B4D071C4D626900660047 /* Release */ = {
			isa = XCBuildConfiguration;
			buildSettings = {
				ASSETCATALOG_COMPILER_APPICON_NAME = AppIcon;
				INFOPLIST_FILE = JAGBeautyAndBlades/Info.plist;
				LD_RUNPATH_SEARCH_PATHS = "$(inherited) @executable_path/Frameworks";
				PRODUCT_BUNDLE_IDENTIFIER = com.hillcountry.JAGBeautyAndBlades;
				PRODUCT_NAME = "$(TARGET_NAME)";
			};
			name = Release;
		};
		2A7B4D091C4D626900660047 /* Debug */ = {
			isa = XCBuildConfiguration;
			buildSettings = {
				BUNDLE_LOADER = "$(TEST_HOST)";
				INFOPLIST_FILE = JAGBeautyAndBladesTests/Info.plist;
				LD_RUNPATH_SEARCH_PATHS = "$(inherited) @executable_path/Frameworks @loader_path/Frameworks";
				PRODUCT_BUNDLE_IDENTIFIER = com.hillcountry.JAGBeautyAndBladesTests;
				PRODUCT_NAME = "$(TARGET_NAME)";
				TEST_HOST = "$(BUILT_PRODUCTS_DIR)/JAGBeautyAndBlades.app/JAGBeautyAndBlades";
			};
			name = Debug;
		};
		2A7B4D0A1C4D626900660047 /* Release */ = {
			isa = XCBuildConfiguration;
			buildSettings = {
				BUNDLE_LOADER = "$(TEST_HOST)";
				INFOPLIST_FILE = JAGBeautyAndBladesTests/Info.plist;
				LD_RUNPATH_SEARCH_PATHS = "$(inherited) @executable_path/Frameworks @loader_path/Frameworks";
				PRODUCT_BUNDLE_IDENTIFIER = com.hillcountry.JAGBeautyAndBladesTests;
				PRODUCT_NAME = "$(TARGET_NAME)";
				TEST_HOST = "$(BUILT_PRODUCTS_DIR)/JAGBeautyAndBlades.app/JAGBeautyAndBlades";
			};
			name = Release;
		};
		2A7B4D0C1C4D626900660047 /* Debug */ = {
			isa = XCBuildConfiguration;
			buildSettings = {
				INFOPLIST_FILE = JAGBeautyAndBladesUITests/Info.plist;
				LD_RUNPATH_SEARCH_PATHS = "$(inherited) @executable_path/Frameworks @loader_path/Frameworks";
				PRODUCT_BUNDLE_IDENTIFIER = com.hillcountry.JAGBeautyAndBladesUITests;
				PRODUCT_NAME = "$(TARGET_NAME)";
				TEST_TARGET_NAME = JAGBeautyAndBlades;
				USES_XCTRUNNER = YES;
			};
			name = Debug;
		};
		2A7B4D0D1C4D626900660047 /* Release */ = {
			isa = XCBuildConfiguration;
			buildSettings = {
				INFOPLIST_FILE = JAGBeautyAndBladesUITests/Info.plist;
				LD_RUNPATH_SEARCH_PATHS = "$(inherited) @executable_path/Frameworks @loader_path/Frameworks";
				PRODUCT_BUNDLE_IDENTIFIER = com.hillcountry.JAGBeautyAndBladesUITests;
				PRODUCT_NAME = "$(TARGET_NAME)";
				TEST_TARGET_NAME = JAGBeautyAndBlades;
				USES_XCTRUNNER = YES;
			};
			name = Release;
		};
/* End XCBuildConfiguration section */

/* Begin XCConfigurationList section */
		2A7B4CD81C4D626900660047 /* Build configuration list for PBXProject "JAGBeautyAndBlades" */ = {
			isa = XCConfigurationList;
			buildConfigurations = (
				2A7B4D031C4D626900660047 /* Debug */,
				2A7B4D041C4D626900660047 /* Release */,
			);
			defaultConfigurationIsVisible = 0;
			defaultConfigurationName = Release;
		};
		2A7B4D051C4D626900660047 /* Build configuration list for PBXNativeTarget "JAGBeautyAndBlades" */ = {
			isa = XCConfigurationList;
			buildConfigurations = (
				2A7B4D061C4D626900660047 /* Debug */,
				2A7B4D071C4D626900660047 /* Release */,
			);
			defaultConfigurationIsVisible = 0;
		};
		2A7B4D081C4D626900660047 /* Build configuration list for PBXNativeTarget "JAGBeautyAndBladesTests" */ = {
			isa = XCConfigurationList;
			buildConfigurations = (
				2A7B4D091C4D626900660047 /* Debug */,
				2A7B4D0A1C4D626900660047 /* Release */,
			);
			defaultConfigurationIsVisible = 0;
		};
		2A7B4D0B1C4D626900660047 /* Build configuration list for PBXNativeTarget "JAGBeautyAndBladesUITests" */ = {
			isa = XCConfigurationList;
			buildConfigurations = (
				2A7B4D0C1C4D626900660047 /* Debug */,
				2A7B4D0D1C4D626900660047 /* Release */,
			);
			defaultConfigurationIsVisible = 0;
		};
/* End XCConfigurationList section */
	};
	rootObject = 2A7B4CD51C4D626900660047 /* Project object */;
}
